
Microsoft Visual Studio Solution File, Format Version 12.00
# Visual Studio Version 17
VisualStudioVersion = 17.0.31903.59
MinimumVisualStudioVersion = 10.0.40219.1
Project("{8BC9CEB8-8B4A-11D0-8D11-00A0C91BC942}") = "Task02_HelloWorld", "Task02_HelloWorld\Task02_HelloWorld.vcxproj", "{A1B2C3D4-E5F6-4A5B-8C7D-8E9F0A1B2C3D}"
EndProject
Project("{8BC9CEB8-8B4A-11D0-8D11-00A0C91BC942}") = "Task03_IAm", "Task03_IAm\Task03_IAm.vcxproj", "{B2C3D4E5-F6A7-4B5C-9D8E-9F0A1B2C3D4E}"
EndProject
Project("{8BC9CEB8-8B4A-11D0-8D11-00A0C91BC942}") = "Task04_SharedPrivate", "Task04_SharedPrivate\Task04_SharedPrivate.vcxproj", "{C3D4E5F6-A7B8-4C5D-AE9F-0A1B2C3D4E5F}"
EndProject
Project("{8BC9CEB8-8B4A-11D0-8D11-00A0C91BC942}") = "Task05_Reduction", "Task05_Reduction\Task05_Reduction.vcxproj", "{D4E5F6A7-B8C9-4D5E-BF0A-1B2C3D4E5F6A}"
EndProject
Project("{8BC9CEB8-8B4A-11D0-8D11-00A0C91BC942}") = "Task06_ForLoop", "Task06_ForLoop\Task06_ForLoop.vcxproj", "{E5F6A7B8-C9DA-4E5F-C0B1-2C3D4E5F6A7B}"
EndProject
Project("{8BC9CEB8-8B4A-11D0-8D11-00A0C91BC942}") = "Task07_Schedule", "Task07_Schedule\Task07_Schedule.vcxproj", "{F6A7B8C9-DAE0-4F5A-D1C2-3D4E5F6A7B8C}"
EndProject
Project("{8BC9CEB8-8B4A-11D0-8D11-00A0C91BC942}") = "Task08_Pi", "Task08_Pi\Task08_Pi.vcxproj", "{A7B8C9DA-E0F1-4A5B-E2D3-4E5F6A7B8C9D}"
EndProject
Project("{8BC9CEB8-8B4A-11D0-8D11-00A0C91BC942}") = "Task09_Matrix", "Task09_Matrix\Task09_Matrix.vcxproj", "{B8C9DAE0-F1A2-4B5C-F3E4-5F6A7B8C9DAE}"
EndProject
Project("{8BC9CEB8-8B4A-11D0-8D11-00A0C91BC942}") = "Task10_Sections", "Task10_Sections\Task10_Sections.vcxproj", "{C9DAE0F1-A2B3-4C5D-A4F5-6A7B8C9DAE0F}"
EndProject
Project("{8BC9CEB8-8B4A-11D0-8D11-00A0C91BC942}") = "Task11_SumAtomic", "Task11_SumAtomic\Task11_SumAtomic.vcxproj", "{DA1EB2F3-C4D5-4E6F-B7A8-9B0C1D2E3F4A}"
EndProject
Project("{8BC9CEB8-8B4A-11D0-8D11-00A0C91BC942}") = "Task12_PiCritical", "Task12_PiCritical\Task12_PiCritical.vcxproj", "{EB2F3C4D-D5E6-4F7A-A8B9-0C1D2E3F4A5B}"
EndProject
Project("{8BC9CEB8-8B4A-11D0-8D11-00A0C91BC942}") = "Task15_MPI_IAm", "Task15_MPI_IAm\Task15_MPI_IAm.vcxproj", "{F3C4D5E6-A7B8-4C9D-BE0F-1A2B3C4D5E6F}"
EndProject
Project("{8BC9CEB8-8B4A-11D0-8D11-00A0C91BC942}") = "Task16_MPI_FirstSecond", "Task16_MPI_FirstSecond\Task16_MPI_FirstSecond.vcxproj", "{A4B5C6D7-E8F9-4A0B-CF1D-2E3F4A5B6C7D}"
EndProject
Project("{8BC9CEB8-8B4A-11D0-8D11-00A0C91BC942}") = "Task17_MPI_Send", "Task17_MPI_Send\Task17_MPI_Send.vcxproj", "{B5C6D7E8-F9A0-4B1C-D2E3-F4A5B6C7D8E9}"
EndProject
Project("{8BC9CEB8-8B4A-11D0-8D11-00A0C91BC942}") = "Task18_MPI_Baton", "Task18_MPI_Baton\Task18_MPI_Baton.vcxproj", "{C6D7E8F9-A0B1-4C2D-E3F4-A5B6C7D8E9FA}"
EndProject
Project("{8BC9CEB8-8B4A-11D0-8D11-00A0C91BC942}") = "Task19_MPI_MasterSlave", "Task19_MPI_MasterSlave\Task19_MPI_MasterSlave.vcxproj", "{D7E8F9A0-B1C2-4D3E-F4A5-B6C7D8E9FA0B}"
EndProject
Project("{8BC9CEB8-8B4A-11D0-8D11-00A0C91BC942}") = "Task20_MPI_Isend", "Task20_MPI_Isend\Task20_MPI_Isend.vcxproj", "{E8F9A0B1-C2D3-4E4F-A5B6-C7D8E9FA0B1C}"
EndProject
Project("{8BC9CEB8-8B4A-11D0-8D11-00A0C91BC942}") = "Task21_MPI_Ring", "Task21_MPI_Ring\Task21_MPI_Ring.vcxproj", "{21000000-0000-0000-0000-000000000021}"
EndProject
Project("{8BC9CEB8-8B4A-11D0-8D11-00A0C91BC942}") = "Task22_MPI_AllToAll", "Task22_MPI_AllToAll\Task22_MPI_AllToAll.vcxproj", "{22000000-0000-0000-0000-000000000022}"
EndProject
Project("{8BC9CEB8-8B4A-11D0-8D11-00A0C91BC942}") = "Task23_MPI_Bcast", "Task23_MPI_Bcast\Task23_MPI_Bcast.vcxproj", "{23000000-0000-0000-0000-000000000023}"
EndProject
Project("{8BC9CEB8-8B4A-11D0-8D11-00A0C91BC942}") = "Task24_MPI_Reduce", "Task24_MPI_Reduce\Task24_MPI_Reduce.vcxproj", "{24000000-0000-0000-0000-000000000024}"
EndProject
Project("{8BC9CEB8-8B4A-11D0-8D11-00A0C91BC942}") = "Task25_MPI_ScatterGather", "Task25_MPI_ScatterGather\Task25_MPI_ScatterGather.vcxproj", "{25000000-0000-0000-0000-000000000025}"
EndProject
Project("{8BC9CEB8-8B4A-11D0-8D11-00A0C91BC942}") = "Task26_MPI_Comm", "Task26_MPI_Comm\Task26_MPI_Comm.vcxproj", "{26000000-0000-0000-0000-000000000026}"
EndProject
Project("{8BC9CEB8-8B4A-11D0-8D11-00A0C91BC942}") = "Task31_MPI_OpenMP_IAm", "Task31_MPI_OpenMP_IAm\Task31_MPI_OpenMP_IAm.vcxproj", "{31000000-0000-0000-0000-000000000031}"
EndProject
Project("{8BC9CEB8-8B4A-11D0-8D11-00A0C91BC942}") = "Task32_MPI_OpenMP_Pi", "Task32_MPI_OpenMP_Pi\Task32_MPI_OpenMP_Pi.vcxproj", "{32000000-0000-0000-0000-000000000032}"
EndProject
Project("{8BC9CEB8-8B4A-11D0-8D11-00A0C91BC942}") = "Task27_MPI_Dynamic", "Task27_MPI_Dynamic\Task27_MPI_Dynamic.vcxproj", "{27000000-0000-0000-0000-000000000027}"
EndProject
Project("{8BC9CEB8-8B4A-11D0-8D11-00A0C91BC942}") = "Task28_MPI_OneSided", "Task28_MPI_OneSided\Task28_MPI_OneSided.vcxproj", "{28000000-0000-0000-0000-000000000028}"
EndProject
Project("{8BC9CEB8-8B4A-11D0-8D11-00A0C91BC942}") = "Task29_MPI_Scalability", "Task29_MPI_Scalability\Task29_MPI_Scalability.vcxproj", "{29000000-0000-0000-0000-000000000029}"
EndProject
Project("{8BC9CEB8-8B4A-11D0-8D11-00A0C91BC942}") = "Task30_MPI_OpenMP_Project", "Task30_MPI_OpenMP_Project\Task30_MPI_OpenMP_Project.vcxproj", "{30000000-0000-0000-0000-000000000030}"
EndProject
Global
	GlobalSection(SolutionConfigurationPlatforms) = preSolution
		Debug|x64 = Debug|x64
		Release|x64 = Release|x64
	EndGlobalSection
	GlobalSection(ProjectConfigurationPlatforms) = postSolution
		{A1B2C3D4-E5F6-4A5B-8C7D-8E9F0A1B2C3D}.Debug|x64.ActiveCfg = Debug|x64
		{A1B2C3D4-E5F6-4A5B-8C7D-8E9F0A1B2C3D}.Debug|x64.Build.0 = Debug|x64
		{A1B2C3D4-E5F6-4A5B-8C7D-8E9F0A1B2C3D}.Release|x64.ActiveCfg = Release|x64
		{A1B2C3D4-E5F6-4A5B-8C7D-8E9F0A1B2C3D}.Release|x64.Build.0 = Release|x64
		{B2C3D4E5-F6A7-4B5C-9D8E-9F0A1B2C3D4E}.Debug|x64.ActiveCfg = Debug|x64
		{B2C3D4E5-F6A7-4B5C-9D8E-9F0A1B2C3D4E}.Debug|x64.Build.0 = Debug|x64
		{B2C3D4E5-F6A7-4B5C-9D8E-9F0A1B2C3D4E}.Release|x64.ActiveCfg = Release|x64
		{B2C3D4E5-F6A7-4B5C-9D8E-9F0A1B2C3D4E}.Release|x64.Build.0 = Release|x64
		{C3D4E5F6-A7B8-4C5D-AE9F-0A1B2C3D4E5F}.Debug|x64.ActiveCfg = Debug|x64
		{C3D4E5F6-A7B8-4C5D-AE9F-0A1B2C3D4E5F}.Debug|x64.Build.0 = Debug|x64
		{C3D4E5F6-A7B8-4C5D-AE9F-0A1B2C3D4E5F}.Release|x64.ActiveCfg = Release|x64
		{C3D4E5F6-A7B8-4C5D-AE9F-0A1B2C3D4E5F}.Release|x64.Build.0 = Release|x64
		{D4E5F6A7-B8C9-4D5E-BF0A-1B2C3D4E5F6A}.Debug|x64.ActiveCfg = Debug|x64
		{D4E5F6A7-B8C9-4D5E-BF0A-1B2C3D4E5F6A}.Debug|x64.Build.0 = Debug|x64
		{D4E5F6A7-B8C9-4D5E-BF0A-1B2C3D4E5F6A}.Release|x64.ActiveCfg = Release|x64
		{D4E5F6A7-B8C9-4D5E-BF0A-1B2C3D4E5F6A}.Release|x64.Build.0 = Release|x64
		{E5F6A7B8-C9DA-4E5F-C0B1-2C3D4E5F6A7B}.Debug|x64.ActiveCfg = Debug|x64
		{E5F6A7B8-C9DA-4E5F-C0B1-2C3D4E5F6A7B}.Debug|x64.Build.0 = Debug|x64
		{E5F6A7B8-C9DA-4E5F-C0B1-2C3D4E5F6A7B}.Release|x64.ActiveCfg = Release|x64
		{E5F6A7B8-C9DA-4E5F-C0B1-2C3D4E5F6A7B}.Release|x64.Build.0 = Release|x64
		{F6A7B8C9-DAE0-4F5A-D1C2-3D4E5F6A7B8C}.Debug|x64.ActiveCfg = Debug|x64
		{F6A7B8C9-DAE0-4F5A-D1C2-3D4E5F6A7B8C}.Debug|x64.Build.0 = Debug|x64
		{F6A7B8C9-DAE0-4F5A-D1C2-3D4E5F6A7B8C}.Release|x64.ActiveCfg = Release|x64
		{F6A7B8C9-DAE0-4F5A-D1C2-3D4E5F6A7B8C}.Release|x64.Build.0 = Release|x64
		{A7B8C9DA-E0F1-4A5B-E2D3-4E5F6A7B8C9D}.Debug|x64.ActiveCfg = Debug|x64
		{A7B8C9DA-E0F1-4A5B-E2D3-4E5F6A7B8C9D}.Debug|x64.Build.0 = Debug|x64
		{A7B8C9DA-E0F1-4A5B-E2D3-4E5F6A7B8C9D}.Release|x64.ActiveCfg = Release|x64
		{A7B8C9DA-E0F1-4A5B-E2D3-4E5F6A7B8C9D}.Release|x64.Build.0 = Release|x64
		{B8C9DAE0-F1A2-4B5C-F3E4-5F6A7B8C9DAE}.Debug|x64.ActiveCfg = Debug|x64
		{B8C9DAE0-F1A2-4B5C-F3E4-5F6A7B8C9DAE}.Debug|x64.Build.0 = Debug|x64
		{B8C9DAE0-F1A2-4B5C-F3E4-5F6A7B8C9DAE}.Release|x64.ActiveCfg = Release|x64
		{B8C9DAE0-F1A2-4B5C-F3E4-5F6A7B8C9DAE}.Release|x64.Build.0 = Release|x64
		{C9DAE0F1-A2B3-4C5D-A4F5-6A7B8C9DAE0F}.Debug|x64.ActiveCfg = Debug|x64
		{C9DAE0F1-A2B3-4C5D-A4F5-6A7B8C9DAE0F}.Debug|x64.Build.0 = Debug|x64
		{C9DAE0F1-A2B3-4C5D-A4F5-6A7B8C9DAE0F}.Release|x64.ActiveCfg = Release|x64
		{C9DAE0F1-A2B3-4C5D-A4F5-6A7B8C9DAE0F}.Release|x64.Build.0 = Release|x64
		{DA1EB2F3-C4D5-4E6F-B7A8-9B0C1D2E3F4A}.Debug|x64.ActiveCfg = Debug|x64
		{DA1EB2F3-C4D5-4E6F-B7A8-9B0C1D2E3F4A}.Debug|x64.Build.0 = Debug|x64
		{DA1EB2F3-C4D5-4E6F-B7A8-9B0C1D2E3F4A}.Release|x64.ActiveCfg = Release|x64
		{DA1EB2F3-C4D5-4E6F-B7A8-9B0C1D2E3F4A}.Release|x64.Build.0 = Release|x64
		{EB2F3C4D-D5E6-4F7A-A8B9-0C1D2E3F4A5B}.Debug|x64.ActiveCfg = Debug|x64
		{EB2F3C4D-D5E6-4F7A-A8B9-0C1D2E3F4A5B}.Debug|x64.Build.0 = Debug|x64
		{EB2F3C4D-D5E6-4F7A-A8B9-0C1D2E3F4A5B}.Release|x64.ActiveCfg = Release|x64
		{EB2F3C4D-D5E6-4F7A-A8B9-0C1D2E3F4A5B}.Release|x64.Build.0 = Release|x64
		{F3C4D5E6-A7B8-4C9D-BE0F-1A2B3C4D5E6F}.Debug|x64.ActiveCfg = Debug|x64
		{F3C4D5E6-A7B8-4C9D-BE0F-1A2B3C4D5E6F}.Debug|x64.Build.0 = Debug|x64
		{F3C4D5E6-A7B8-4C9D-BE0F-1A2B3C4D5E6F}.Release|x64.ActiveCfg = Release|x64
		{F3C4D5E6-A7B8-4C9D-BE0F-1A2B3C4D5E6F}.Release|x64.Build.0 = Release|x64
		{A4B5C6D7-E8F9-4A0B-CF1D-2E3F4A5B6C7D}.Debug|x64.ActiveCfg = Debug|x64
		{A4B5C6D7-E8F9-4A0B-CF1D-2E3F4A5B6C7D}.Debug|x64.Build.0 = Debug|x64
		{A4B5C6D7-E8F9-4A0B-CF1D-2E3F4A5B6C7D}.Release|x64.ActiveCfg = Release|x64
		{A4B5C6D7-E8F9-4A0B-CF1D-2E3F4A5B6C7D}.Release|x64.Build.0 = Release|x64
		{B5C6D7E8-F9A0-4B1C-D2E3-F4A5B6C7D8E9}.Debug|x64.ActiveCfg = Debug|x64
		{B5C6D7E8-F9A0-4B1C-D2E3-F4A5B6C7D8E9}.Debug|x64.Build.0 = Debug|x64
		{B5C6D7E8-F9A0-4B1C-D2E3-F4A5B6C7D8E9}.Release|x64.ActiveCfg = Release|x64
		{B5C6D7E8-F9A0-4B1C-D2E3-F4A5B6C7D8E9}.Release|x64.Build.0 = Release|x64
		{C6D7E8F9-A0B1-4C2D-E3F4-A5B6C7D8E9FA}.Debug|x64.ActiveCfg = Debug|x64
		{C6D7E8F9-A0B1-4C2D-E3F4-A5B6C7D8E9FA}.Debug|x64.Build.0 = Debug|x64
		{C6D7E8F9-A0B1-4C2D-E3F4-A5B6C7D8E9FA}.Release|x64.ActiveCfg = Release|x64
		{C6D7E8F9-A0B1-4C2D-E3F4-A5B6C7D8E9FA}.Release|x64.Build.0 = Release|x64
		{D7E8F9A0-B1C2-4D3E-F4A5-B6C7D8E9FA0B}.Debug|x64.ActiveCfg = Debug|x64
		{D7E8F9A0-B1C2-4D3E-F4A5-B6C7D8E9FA0B}.Debug|x64.Build.0 = Debug|x64
		{D7E8F9A0-B1C2-4D3E-F4A5-B6C7D8E9FA0B}.Release|x64.ActiveCfg = Release|x64
		{D7E8F9A0-B1C2-4D3E-F4A5-B6C7D8E9FA0B}.Release|x64.Build.0 = Release|x64
		{E8F9A0B1-C2D3-4E4F-A5B6-C7D8E9FA0B1C}.Debug|x64.ActiveCfg = Debug|x64
		{E8F9A0B1-C2D3-4E4F-A5B6-C7D8E9FA0B1C}.Debug|x64.Build.0 = Debug|x64
		{E8F9A0B1-C2D3-4E4F-A5B6-C7D8E9FA0B1C}.Release|x64.ActiveCfg = Release|x64
		{E8F9A0B1-C2D3-4E4F-A5B6-C7D8E9FA0B1C}.Release|x64.Build.0 = Release|x64
		{21000000-0000-0000-0000-000000000021}.Debug|x64.ActiveCfg = Debug|x64
		{21000000-0000-0000-0000-000000000021}.Debug|x64.Build.0 = Debug|x64
		{21000000-0000-0000-0000-000000000021}.Release|x64.ActiveCfg = Release|x64
		{21000000-0000-0000-0000-000000000021}.Release|x64.Build.0 = Release|x64
		{22000000-0000-0000-0000-000000000022}.Debug|x64.ActiveCfg = Debug|x64
		{22000000-0000-0000-0000-000000000022}.Debug|x64.Build.0 = Debug|x64
		{22000000-0000-0000-0000-000000000022}.Release|x64.ActiveCfg = Release|x64
		{22000000-0000-0000-0000-000000000022}.Release|x64.Build.0 = Release|x64
		{23000000-0000-0000-0000-000000000023}.Debug|x64.ActiveCfg = Debug|x64
		{23000000-0000-0000-0000-000000000023}.Debug|x64.Build.0 = Debug|x64
		{23000000-0000-0000-0000-000000000023}.Release|x64.ActiveCfg = Release|x64
		{23000000-0000-0000-0000-000000000023}.Release|x64.Build.0 = Release|x64
		{24000000-0000-0000-0000-000000000024}.Debug|x64.ActiveCfg = Debug|x64
		{24000000-0000-0000-0000-000000000024}.Debug|x64.Build.0 = Debug|x64
		{24000000-0000-0000-0000-000000000024}.Release|x64.ActiveCfg = Release|x64
		{24000000-0000-0000-0000-000000000024}.Release|x64.Build.0 = Release|x64
		{25000000-0000-0000-0000-000000000025}.Debug|x64.ActiveCfg = Debug|x64
		{25000000-0000-0000-0000-000000000025}.Debug|x64.Build.0 = Debug|x64
		{25000000-0000-0000-0000-000000000025}.Release|x64.ActiveCfg = Release|x64
		{25000000-0000-0000-0000-000000000025}.Release|x64.Build.0 = Release|x64
		{26000000-0000-0000-0000-000000000026}.Debug|x64.ActiveCfg = Debug|x64
		{26000000-0000-0000-0000-000000000026}.Debug|x64.Build.0 = Debug|x64
		{26000000-0000-0000-0000-000000000026}.Release|x64.ActiveCfg = Release|x64
		{26000000-0000-0000-0000-000000000026}.Release|x64.Build.0 = Release|x64
		{31000000-0000-0000-0000-000000000031}.Debug|x64.ActiveCfg = Debug|x64
		{31000000-0000-0000-0000-000000000031}.Debug|x64.Build.0 = Debug|x64
		{31000000-0000-0000-0000-000000000031}.Release|x64.ActiveCfg = Release|x64
		{31000000-0000-0000-0000-000000000031}.Release|x64.Build.0 = Release|x64
		{32000000-0000-0000-0000-000000000032}.Debug|x64.ActiveCfg = Debug|x64
		{32000000-0000-0000-0000-000000000032}.Debug|x64.Build.0 = Debug|x64
		{32000000-0000-0000-0000-000000000032}.Release|x64.ActiveCfg = Release|x64
		{32000000-0000-0000-0000-000000000032}.Release|x64.Build.0 = Release|x64
		{27000000-0000-0000-0000-000000000027}.Debug|x64.ActiveCfg = Debug|x64
		{27000000-0000-0000-0000-000000000027}.Debug|x64.Build.0 = Debug|x64
		{27000000-0000-0000-0000-000000000027}.Release|x64.ActiveCfg = Release|x64
		{27000000-0000-0000-0000-000000000027}.Release|x64.Build.0 = Release|x64
		{28000000-0000-0000-0000-000000000028}.Debug|x64.ActiveCfg = Debug|x64
		{28000000-0000-0000-0000-000000000028}.Debug|x64.Build.0 = Debug|x64
		{28000000-0000-0000-0000-000000000028}.Release|x64.ActiveCfg = Release|x64
		{28000000-0000-0000-0000-000000000028}.Release|x64.Build.0 = Release|x64
		{29000000-0000-0000-0000-000000000029}.Debug|x64.ActiveCfg = Debug|x64
		{29000000-0000-0000-0000-000000000029}.Debug|x64.Build.0 = Debug|x64
		{29000000-0000-0000-0000-000000000029}.Release|x64.ActiveCfg = Release|x64
		{29000000-0000-0000-0000-000000000029}.Release|x64.Build.0 = Release|x64
		{30000000-0000-0000-0000-000000000030}.Debug|x64.ActiveCfg = Debug|x64
		{30000000-0000-0000-0000-000000000030}.Debug|x64.Build.0 = Debug|x64
		{30000000-0000-0000-0000-000000000030}.Release|x64.ActiveCfg = Release|x64
		{30000000-0000-0000-0000-000000000030}.Release|x64.Build.0 = Release|x64
	EndGlobalSection
	GlobalSection(SolutionProperties) = preSolution
		HideSolutionNode = FALSE
	EndGlobalSection
EndGlobal

